// !$*UTF8*$!
{
	archiveVersion = 1;
	classes = {
	};
	objectVersion = 50;
	objects = {

/* Begin PBXBuildFile section */
		B68DC6B2262C868D005B454A /* AppDelegate.swift in Sources */ = {isa = PBXBuildFile; fileRef = B68DC6B1262C868D005B454A /* AppDelegate.swift */; };
		B68DC6B4262C868D005B454A /* SceneDelegate.swift in Sources */ = {isa = PBXBuildFile; fileRef = B68DC6B3262C868D005B454A /* SceneDelegate.swift */; };
		B68DC6B9262C868D005B454A /* Main.storyboard in Resources */ = {isa = PBXBuildFile; fileRef = B68DC6B7262C868D005B454A /* Main.storyboard */; };
		B68DC6BB262C868E005B454A /* Assets.xcassets in Resources */ = {isa = PBXBuildFile; fileRef = B68DC6BA262C868E005B454A /* Assets.xcassets */; };
		B68DC6BE262C868E005B454A /* LaunchScreen.storyboard in Resources */ = {isa = PBXBuildFile; fileRef = B68DC6BC262C868E005B454A /* LaunchScreen.storyboard */; };
		B68DC6C6262C86F0005B454A /* MenuViewController.swift in Sources */ = {isa = PBXBuildFile; fileRef = B68DC6C5262C86F0005B454A /* MenuViewController.swift */; };
		B68EB56C262EAFA5000B2248 /* DataStruct.swift in Sources */ = {isa = PBXBuildFile; fileRef = B68EB56B262EAFA5000B2248 /* DataStruct.swift */; };
		B68FFA42262FF17000FFE9E7 /* OrderTableViewController.swift in Sources */ = {isa = PBXBuildFile; fileRef = B68FFA41262FF17000FFE9E7 /* OrderTableViewController.swift */; };
		B690D21D262D4ADF00E7489E /* MenuTableViewCell.swift in Sources */ = {isa = PBXBuildFile; fileRef = B690D21C262D4ADF00E7489E /* MenuTableViewCell.swift */; };
/* End PBXBuildFile section */

/* Begin PBXFileReference section */
		B68DC6AE262C868D005B454A /* DinInLiao.app */ = {isa = PBXFileReference; explicitFileType = wrapper.application; includeInIndex = 0; path = DinInLiao.app; sourceTree = BUILT_PRODUCTS_DIR; };
		B68DC6B1262C868D005B454A /* AppDelegate.swift */ = {isa = PBXFileReference; lastKnownFileType = sourcecode.swift; path = AppDelegate.swift; sourceTree = "<group>"; };
		B68DC6B3262C868D005B454A /* SceneDelegate.swift */ = {isa = PBXFileReference; lastKnownFileType = sourcecode.swift; path = SceneDelegate.swift; sourceTree = "<group>"; };
		B68DC6B8262C868D005B454A /* Base */ = {isa = PBXFileReference; lastKnownFileType = file.storyboard; name = Base; path = Base.lproj/Main.storyboard; sourceTree = "<group>"; };
		B68DC6BA262C868E005B454A /* Assets.xcassets */ = {isa = PBXFileReference; lastKnownFileType = folder.assetcatalog; path = Assets.xcassets; sourceTree = "<group>"; };
		B68DC6BD262C868E005B454A /* Base */ = {isa = PBXFileReference; lastKnownFileType = file.storyboard; name = Base; path = Base.lproj/LaunchScreen.storyboard; sourceTree = "<group>"; };
		B68DC6BF262C868E005B454A /* Info.plist */ = {isa = PBXFileReference; lastKnownFileType = text.plist.xml; path = Info.plist; sourceTree = "<group>"; };
		B68DC6C5262C86F0005B454A /* MenuViewController.swift */ = {isa = PBXFileReference; lastKnownFileType = sourcecode.swift; path = MenuViewController.swift; sourceTree = "<group>"; };
		B68EB56B262EAFA5000B2248 /* DataStruct.swift */ = {isa = PBXFileReference; lastKnownFileType = sourcecode.swift; path = DataStruct.swift; sourceTree = "<group>"; };
		B68FFA41262FF17000FFE9E7 /* OrderTableViewController.swift */ = {isa = PBXFileReference; lastKnownFileType = sourcecode.swift; path = OrderTableViewController.swift; sourceTree = "<group>"; };
		B690D21C262D4ADF00E7489E /* MenuTableViewCell.swift */ = {isa = PBXFileReference; lastKnownFileType = sourcecode.swift; path = MenuTableViewCell.swift; sourceTree = "<group>"; };
/* End PBXFileReference section */

/* Begin PBXFrameworksBuildPhase section */
		B68DC6AB262C868D005B454A /* Frameworks */ = {
			isa = PBXFrameworksBuildPhase;
			buildActionMask = 2147483647;
			files = (
			);
			runOnlyForDeploymentPostprocessing = 0;
		};
/* End PBXFrameworksBuildPhase section */

/* Begin PBXGroup section */
		B68DC6A5262C868D005B454A = {
			isa = PBXGroup;
			children = (
				B68DC6B0262C868D005B454A /* DinInLiao */,
				B68DC6AF262C868D005B454A /* Products */,
			);
			sourceTree = "<group>";
		};
		B68DC6AF262C868D005B454A /* Products */ = {
			isa = PBXGroup;
			children = (
				B68DC6AE262C868D005B454A /* DinInLiao.app */,
			);
			name = Products;
			sourceTree = "<group>";
		};
		B68DC6B0262C868D005B454A /* DinInLiao */ = {
			isa = PBXGroup;
			children = (
				B68DC6B1262C868D005B454A /* AppDelegate.swift */,
				B68DC6B3262C868D005B454A /* SceneDelegate.swift */,
				B68DC6B7262C868D005B454A /* Main.storyboard */,
				B68FFA41262FF17000FFE9E7 /* OrderTableViewController.swift */,
				B68EB56B262EAFA5000B2248 /* DataStruct.swift */,
				B690D21C262D4ADF00E7489E /* MenuTableViewCell.swift */,
				B68DC6C5262C86F0005B454A /* MenuViewController.swift */,
				B68DC6BA262C868E005B454A /* Assets.xcassets */,
				B68DC6BC262C868E005B454A /* LaunchScreen.storyboard */,
				B68DC6BF262C868E005B454A /* Info.plist */,
			);
			path = DinInLiao;
			sourceTree = "<group>";
		};
/* End PBXGroup section */

/* Begin PBXNativeTarget section */
		B68DC6AD262C868D005B454A /* DinInLiao */ = {
			isa = PBXNativeTarget;
			buildConfigurationList = B68DC6C2262C868E005B454A /* Build configuration list for PBXNativeTarget "DinInLiao" */;
			buildPhases = (
				B68DC6AA262C868D005B454A /* Sources */,
				B68DC6AB262C868D005B454A /* Frameworks */,
				B68DC6AC262C868D005B454A /* Resources */,
			);
			buildRules = (
			);
			dependencies = (
			);
			name = DinInLiao;
			productName = DinInLiao;
			productReference = B68DC6AE262C868D005B454A /* DinInLiao.app */;
			productType = "com.apple.product-type.application";
		};
/* End PBXNativeTarget section */

/* Begin PBXProject section */
		B68DC6A6262C868D005B454A /* Project object */ = {
			isa = PBXProject;
			attributes = {
				LastSwiftUpdateCheck = 1250;
				LastUpgradeCheck = 1250;
				TargetAttributes = {
					B68DC6AD262C868D005B454A = {
						CreatedOnToolsVersion = 12.5;
					};
				};
			};
			buildConfigurationList = B68DC6A9262C868D005B454A /* Build configuration list for PBXProject "DinInLiao" */;
			compatibilityVersion = "Xcode 9.3";
			developmentRegion = en;
			hasScannedForEncodings = 0;
			knownRegions = (
				en,
				Base,
			);
			mainGroup = B68DC6A5262C868D005B454A;
			productRefGroup = B68DC6AF262C868D005B454A /* Products */;
			projectDirPath = "";
			projectRoot = "";
			targets = (
				B68DC6AD262C868D005B454A /* DinInLiao */,
			);
		};
/* End PBXProject section */

/* Begin PBXResourcesBuildPhase section */
		B68DC6AC262C868D005B454A /* Resources */ = {
			isa = PBXResourcesBuildPhase;
			buildActionMask = 2147483647;
			files = (
				B68DC6BE262C868E005B454A /* LaunchScreen.storyboard in Resources */,
				B68DC6BB262C868E005B454A /* Assets.xcassets in Resources */,
				B68DC6B9262C868D005B454A /* Main.storyboard in Resources */,
			);
			runOnlyForDeploymentPostprocessing = 0;
		};
/* End PBXResourcesBuildPhase section */

/* Begin PBXSourcesBuildPhase section */
		B68DC6AA262C868D005B454A /* Sources */ = {
			isa = PBXSourcesBuildPhase;
			buildActionMask = 2147483647;
			files = (
				B68DC6B2262C868D005B454A /* AppDelegate.swift in Sources */,
				B68DC6B4262C868D005B454A /* SceneDelegate.swift in Sources */,
				B68EB56C262EAFA5000B2248 /* DataStruct.swift in Sources */,
				B690D21D262D4ADF00E7489E /* MenuTableViewCell.swift in Sources */,
				B68FFA42262FF17000FFE9E7 /* OrderTableViewController.swift in Sources */,
				B68DC6C6262C86F0005B454A /* MenuViewController.swift in Sources */,
			);
			runOnlyForDeploymentPostprocessing = 0;
		};
/* End PBXSourcesBuildPhase section */

/* Begin PBXVariantGroup section */
		B68DC6B7262C868D005B454A /* Main.storyboard */ = {
			isa = PBXVariantGroup;
			children = (
				B68DC6B8262C868D005B454A /* Base */,
			);
			name = Main.storyboard;
			sourceTree = "<group>";
		};
		B68DC6BC262C868E005B454A /* LaunchScreen.storyboard */ = {
			isa = PBXVariantGroup;
			children = (
				B68DC6BD262C868E005B454A /* Base */,
			);
			name = LaunchScreen.storyboard;
			sourceTree = "<group>";
		};
/* End PBXVariantGroup section */

/* Begin XCBuildConfiguration section */
		B68DC6C0262C868E005B454A /* Debug */ = {
			isa = XCBuildConfiguration;
			buildSettings = {
				ALWAYS_SEARCH_USER_PATHS = NO;
				CLANG_ANALYZER_NONNULL = YES;
				CLANG_ANALYZER_NUMBER_OBJECT_CONVERSION = YES_AGGRESSIVE;
				CLANG_CXX_LANGUAGE_STANDARD = "gnu++14";
				CLANG_CXX_LIBRARY = "libc++";
				CLANG_ENABLE_MODULES = YES;
				CLANG_ENABLE_OBJC_ARC = YES;
				CLANG_ENABLE_OBJC_WEAK = YES;
				CLANG_WARN_BLOCK_CAPTURE_AUTORELEASING = YES;
				CLANG_WARN_BOOL_CONVERSION = YES;
				CLANG_WARN_COMMA = YES;
				CLANG_WARN_CONSTANT_CONVERSION = YES;
				CLANG_WARN_DEPRECATED_OBJC_IMPLEMENTATIONS = YES;
				CLANG_WARN_DIRECT_OBJC_ISA_USAGE = YES_ERROR;
				CLANG_WARN_DOCUMENTATION_COMMENTS = YES;
				CLANG_WARN_EMPTY_BODY = YES;
				CLANG_WARN_ENUM_CONVERSION = YES;
				CLANG_WARN_INFINITE_RECURSION = YES;
				CLANG_WARN_INT_CONVERSION = YES;
				CLANG_WARN_NON_LITERAL_NULL_CONVERSION = YES;
				CLANG_WARN_OBJC_IMPLICIT_RETAIN_SELF = YES;
				CLANG_WARN_OBJC_LITERAL_CONVERSION = YES;
				CLANG_WARN_OBJC_ROOT_CLASS = YES_ERROR;
				CLANG_WARN_QUOTED_INCLUDE_IN_FRAMEWORK_HEADER = YES;
				CLANG_WARN_RANGE_LOOP_ANALYSIS = YES;
				CLANG_WARN_STRICT_PROTOTYPES = YES;
				CLANG_WARN_SUSPICIOUS_MOVE = YES;
				CLANG_WARN_UNGUARDED_AVAILABILITY = YES_AGGRESSIVE;
				CLANG_WARN_UNREACHABLE_CODE = YES;
				CLANG_WARN__DUPLICATE_METHOD_MATCH = YES;
				COPY_PHASE_STRIP = NO;
				DEBUG_INFORMATION_FORMAT = dwarf;
				ENABLE_STRICT_OBJC_MSGSEND = YES;
				ENABLE_TESTABILITY = YES;
				GCC_C_LANGUAGE_STANDARD = gnu11;
				GCC_DYNAMIC_NO_PIC = NO;
				GCC_NO_COMMON_BLOCKS = YES;
				GCC_OPTIMIZATION_LEVEL = 0;
				GCC_PREPROCESSOR_DEFINITIONS = (
					"DEBUG=1",
					"$(inherited)",
				);
				GCC_WARN_64_TO_32_BIT_CONVERSION = YES;
				GCC_WARN_ABOUT_RETURN_TYPE = YES_ERROR;
				GCC_WARN_UNDECLARED_SELECTOR = YES;
				GCC_WARN_UNINITIALIZED_AUTOS = YES_AGGRESSIVE;
				GCC_WARN_UNUSED_FUNCTION = YES;
				GCC_WARN_UNUSED_VARIABLE = YES;
				IPHONEOS_DEPLOYMENT_TARGET = 14.5;
				MTL_ENABLE_DEBUG_INFO = INCLUDE_SOURCE;
				MTL_FAST_MATH = YES;
				ONLY_ACTIVE_ARCH = YES;
				SDKROOT = iphoneos;
				SWIFT_ACTIVE_COMPILATION_CONDITIONS = DEBUG;
				SWIFT_OPTIMIZATION_LEVEL = "-Onone";
			};
			name = Debug;
		};
		B68DC6C1262C868E005B454A /* Release */ = {
			isa = XCBuildConfiguration;
			buildSettings = {
				ALWAYS_SEARCH_USER_PATHS = NO;
				CLANG_ANALYZER_NONNULL = YES;
				CLANG_ANALYZER_NUMBER_OBJECT_CONVERSION = YES_AGGRESSIVE;
				CLANG_CXX_LANGUAGE_STANDARD = "gnu++14";
				CLANG_CXX_LIBRARY = "libc++";
				CLANG_ENABLE_MODULES = YES;
				CLANG_ENABLE_OBJC_ARC = YES;
				CLANG_ENABLE_OBJC_WEAK = YES;
				CLANG_WARN_BLOCK_CAPTURE_AUTORELEASING = YES;
				CLANG_WARN_BOOL_CONVERSION = YES;
				CLANG_WARN_COMMA = YES;
				CLANG_WARN_CONSTANT_CONVERSION = YES;
				CLANG_WARN_DEPRECATED_OBJC_IMPLEMENTATIONS = YES;
				CLANG_WARN_DIRECT_OBJC_ISA_USAGE = YES_ERROR;
				CLANG_WARN_DOCUMENTATION_COMMENTS = YES;
				CLANG_WARN_EMPTY_BODY = YES;
				CLANG_WARN_ENUM_CONVERSION = YES;
				CLANG_WARN_INFINITE_RECURSION = YES;
				CLANG_WARN_INT_CONVERSION = YES;
				CLANG_WARN_NON_LITERAL_NULL_CONVERSION = YES;
				CLANG_WARN_OBJC_IMPLICIT_RETAIN_SELF = YES;
				CLANG_WARN_OBJC_LITERAL_CONVERSION = YES;
				CLANG_WARN_OBJC_ROOT_CLASS = YES_ERROR;
				CLANG_WARN_QUOTED_INCLUDE_IN_FRAMEWORK_HEADER = YES;
				CLANG_WARN_RANGE_LOOP_ANALYSIS = YES;
				CLANG_WARN_STRICT_PROTOTYPES = YES;
				CLANG_WARN_SUSPICIOUS_MOVE = YES;
				CLANG_WARN_UNGUARDED_AVAILABILITY = YES_AGGRESSIVE;
				CLANG_WARN_UNREACHABLE_CODE = YES;
				CLANG_WARN__DUPLICATE_METHOD_MATCH = YES;
				COPY_PHASE_STRIP = NO;
				DEBUG_INFORMATION_FORMAT = "dwarf-with-dsym";
				ENABLE_NS_ASSERTIONS = NO;
				ENABLE_STRICT_OBJC_MSGSEND = YES;
				GCC_C_LANGUAGE_STANDARD = gnu11;
				GCC_NO_COMMON_BLOCKS = YES;
				GCC_WARN_64_TO_32_BIT_CONVERSION = YES;
				GCC_WARN_ABOUT_RETURN_TYPE = YES_ERROR;
				GCC_WARN_UNDECLARED_SELECTOR = YES;
				GCC_WARN_UNINITIALIZED_AUTOS = YES_AGGRESSIVE;
				GCC_WARN_UNUSED_FUNCTION = YES;
				GCC_WARN_UNUSED_VARIABLE = YES;
				IPHONEOS_DEPLOYMENT_TARGET = 14.5;
				MTL_ENABLE_DEBUG_INFO = NO;
				MTL_FAST_MATH = YES;
				SDKROOT = iphoneos;
				SWIFT_COMPILATION_MODE = wholemodule;
				SWIFT_OPTIMIZATION_LEVEL = "-O";
				VALIDATE_PRODUCT = YES;
			};
			name = Release;
		};
		B68DC6C3262C868E005B454A /* Debug */ = {
			isa = XCBuildConfiguration;
			buildSettings = {
				ASSETCATALOG_COMPILER_APPICON_NAME = AppIcon;
				ASSETCATALOG_COMPILER_GLOBAL_ACCENT_COLOR_NAME = AccentColor;
				CODE_SIGN_STYLE = Automatic;
				DEVELOPMENT_TEAM = KRXVKJ5LSV;
				INFOPLIST_FILE = DinInLiao/Info.plist;
				IPHONEOS_DEPLOYMENT_TARGET = 14.3;
				LD_RUNPATH_SEARCH_PATHS = (
					"$(inherited)",
					"@executable_path/Frameworks",
				);
				PRODUCT_BUNDLE_IDENTIFIER = com.swei.DinInLiao;
				PRODUCT_NAME = "$(TARGET_NAME)";
				SWIFT_VERSION = 5.0;
				TARGETED_DEVICE_FAMILY = 1;
			};
			name = Debug;
		};
		B68DC6C4262C868E005B454A /* Release */ = {
			isa = XCBuildConfiguration;
			buildSettings = {
				ASSETCATALOG_COMPILER_APPICON_NAME = AppIcon;
				ASSETCATALOG_COMPILER_GLOBAL_ACCENT_COLOR_NAME = AccentColor;
				CODE_SIGN_STYLE = Automatic;
				DEVELOPMENT_TEAM = KRXVKJ5LSV;
				INFOPLIST_FILE = DinInLiao/Info.plist;
				IPHONEOS_DEPLOYMENT_TARGET = 14.3;
				LD_RUNPATH_SEARCH_PATHS = (
					"$(inherited)",
					"@executable_path/Frameworks",
				);
				PRODUCT_BUNDLE_IDENTIFIER = com.swei.DinInLiao;
				PRODUCT_NAME = "$(TARGET_NAME)";
				SWIFT_VERSION = 5.0;
				TARGETED_DEVICE_FAMILY = 1;
			};
			name = Release;
		};
/* End XCBuildConfiguration section */

/* Begin XCConfigurationList section */
		B68DC6A9262C868D005B454A /* Build configuration list for PBXProject "DinInLiao" */ = {
			isa = XCConfigurationList;
			buildConfigurations = (
				B68DC6C0262C868E005B454A /* Debug */,
				B68DC6C1262C868E005B454A /* Release */,
			);
			defaultConfigurationIsVisible = 0;
			defaultConfigurationName = Release;
		};
		B68DC6C2262C868E005B454A /* Build configuration list for PBXNativeTarget "DinInLiao" */ = {
			isa = XCConfigurationList;
			buildConfigurations = (
				B68DC6C3262C868E005B454A /* Debug */,
				B68DC6C4262C868E005B454A /* Release */,
			);
			defaultConfigurationIsVisible = 0;
			defaultConfigurationName = Release;
		};
/* End XCConfigurationList section */
	};
	rootObject = B68DC6A6262C868D005B454A /* Project object */;
}
